
Microsoft Visual Studio Solution File, Format Version 12.00
# Visual Studio Version 17
VisualStudioVersion = 17.7.34003.232
MinimumVisualStudioVersion = 10.0.40219.1
Project("{9A19103F-16F7-4668-BE54-9A1E7A4F7556}") = "SistemaGestionBusiness", "SistemaGestionBusiness\SistemaGestionBusiness.csproj", "{7C8634CE-135D-46C9-AB78-89CFA53787DE}"
EndProject
Project("{9A19103F-16F7-4668-BE54-9A1E7A4F7556}") = "SistemaGestionData", "SistemaGestionData\SistemaGestionData.csproj", "{00FEC8EA-A3B4-47F1-BF23-99DC51255AB7}"
EndProject
Project("{9A19103F-16F7-4668-BE54-9A1E7A4F7556}") = "SistemaGestionEntities", "SistemaGestionEntities\SistemaGestionEntities.csproj", "{5AE44A0C-2EEF-4725-8883-385BF5ACC23A}"
EndProject
Project("{9A19103F-16F7-4668-BE54-9A1E7A4F7556}") = "SistemaGestionUI", "SistemaGestionUI\SistemaGestionUI.csproj", "{65834150-95A7-4B60-8415-7073852A61A5}"
EndProject
Project("{FAE04EC0-301F-11D3-BF4B-00C04F79EFBC}") = "SistemaGestionWebAPI", "SistemaGestionWebAPI\SistemaGestionWebAPI.csproj", "{E013D426-3A82-4A14-9303-C459572408A2}"
EndProject
Global
	GlobalSection(SolutionConfigurationPlatforms) = preSolution
		Debug|Any CPU = Debug|Any CPU
		Release|Any CPU = Release|Any CPU
	EndGlobalSection
	GlobalSection(ProjectConfigurationPlatforms) = postSolution
		{7C8634CE-135D-46C9-AB78-89CFA53787DE}.Debug|Any CPU.ActiveCfg = Debug|Any CPU
		{7C8634CE-135D-46C9-AB78-89CFA53787DE}.Debug|Any CPU.Build.0 = Debug|Any CPU
		{7C8634CE-135D-46C9-AB78-89CFA53787DE}.Release|Any CPU.ActiveCfg = Release|Any CPU
		{7C8634CE-135D-46C9-AB78-89CFA53787DE}.Release|Any CPU.Build.0 = Release|Any CPU
		{00FEC8EA-A3B4-47F1-BF23-99DC51255AB7}.Debug|Any CPU.ActiveCfg = Debug|Any CPU
		{00FEC8EA-A3B4-47F1-BF23-99DC51255AB7}.Debug|Any CPU.Build.0 = Debug|Any CPU
		{00FEC8EA-A3B4-47F1-BF23-99DC51255AB7}.Release|Any CPU.ActiveCfg = Release|Any CPU
		{00FEC8EA-A3B4-47F1-BF23-99DC51255AB7}.Release|Any CPU.Build.0 = Release|Any CPU
		{5AE44A0C-2EEF-4725-8883-385BF5ACC23A}.Debug|Any CPU.ActiveCfg = Debug|Any CPU
		{5AE44A0C-2EEF-4725-8883-385BF5ACC23A}.Debug|Any CPU.Build.0 = Debug|Any CPU
		{5AE44A0C-2EEF-4725-8883-385BF5ACC23A}.Release|Any CPU.ActiveCfg = Release|Any CPU
		{5AE44A0C-2EEF-4725-8883-385BF5ACC23A}.Release|Any CPU.Build.0 = Release|Any CPU
		{65834150-95A7-4B60-8415-7073852A61A5}.Debug|Any CPU.ActiveCfg = Debug|Any CPU
		{65834150-95A7-4B60-8415-7073852A61A5}.Debug|Any CPU.Build.0 = Debug|Any CPU
		{65834150-95A7-4B60-8415-7073852A61A5}.Release|Any CPU.ActiveCfg = Release|Any CPU
		{65834150-95A7-4B60-8415-7073852A61A5}.Release|Any CPU.Build.0 = Release|Any CPU
		{E013D426-3A82-4A14-9303-C459572408A2}.Debug|Any CPU.ActiveCfg = Debug|Any CPU
		{E013D426-3A82-4A14-9303-C459572408A2}.Debug|Any CPU.Build.0 = Debug|Any CPU
		{E013D426-3A82-4A14-9303-C459572408A2}.Release|Any CPU.ActiveCfg = Release|Any CPU
		{E013D426-3A82-4A14-9303-C459572408A2}.Release|Any CPU.Build.0 = Release|Any CPU
	EndGlobalSection
	GlobalSection(SolutionProperties) = preSolution
		HideSolutionNode = FALSE
	EndGlobalSection
	GlobalSection(ExtensibilityGlobals) = postSolution
		SolutionGuid = {8E65D9C0-57C8-407B-B603-78231FE53068}
	EndGlobalSection
EndGlobal
